
Microsoft Visual Studio Solution File, Format Version 12.00
# Visual Studio Version 16
VisualStudioVersion = 16.0.29503.13
MinimumVisualStudioVersion = 10.0.40219.1
Project("{FAE04EC0-301F-11D3-BF4B-00C04F79EFBC}") = "BGSimulator", "BGSimulator\BGSimulator.csproj", "{5F2B8AD6-62C3-4542-89F6-B78163B52B6C}"
EndProject
Global
	GlobalSection(SolutionConfigurationPlatforms) = preSolution
		Debug|Any CPU = Debug|Any CPU
		Release|Any CPU = Release|Any CPU
	EndGlobalSection
	GlobalSection(ProjectConfigurationPlatforms) = postSolution
		{5F2B8AD6-62C3-4542-89F6-B78163B52B6C}.Debug|Any CPU.ActiveCfg = Debug|Any CPU
		{5F2B8AD6-62C3-4542-89F6-B78163B52B6C}.Debug|Any CPU.Build.0 = Debug|Any CPU
		{5F2B8AD6-62C3-4542-89F6-B78163B52B6C}.Release|Any CPU.ActiveCfg = Release|Any CPU
		{5F2B8AD6-62C3-4542-89F6-B78163B52B6C}.Release|Any CPU.Build.0 = Release|Any CPU
	EndGlobalSection
	GlobalSection(SolutionProperties) = preSolution
		HideSolutionNode = FALSE
	EndGlobalSection
	GlobalSection(ExtensibilityGlobals) = postSolution
		SolutionGuid = {F4B78CC8-E307-4B3A-A378-55B684D930C6}
	EndGlobalSection
EndGlobal
